
Microsoft Visual Studio Solution File, Format Version 12.00
# Visual Studio 14
VisualStudioVersion = 14.0.25420.1
MinimumVisualStudioVersion = 10.0.40219.1
Project("{FAE04EC0-301F-11D3-BF4B-00C04F79EFBC}") = "Sylapse.WeakSubscribe", "Sylapse.WeakSubscribe\Sylapse.WeakSubscribe.csproj", "{FF88D6BF-C00B-4208-9344-FBE6FA046048}"
EndProject
Global
	GlobalSection(SolutionConfigurationPlatforms) = preSolution
		Debug|Any CPU = Debug|Any CPU
		Release|Any CPU = Release|Any CPU
	EndGlobalSection
	GlobalSection(ProjectConfigurationPlatforms) = postSolution
		{FF88D6BF-C00B-4208-9344-FBE6FA046048}.Debug|Any CPU.ActiveCfg = Debug|Any CPU
		{FF88D6BF-C00B-4208-9344-FBE6FA046048}.Debug|Any CPU.Build.0 = Debug|Any CPU
		{FF88D6BF-C00B-4208-9344-FBE6FA046048}.Release|Any CPU.ActiveCfg = Release|Any CPU
		{FF88D6BF-C00B-4208-9344-FBE6FA046048}.Release|Any CPU.Build.0 = Release|Any CPU
	EndGlobalSection
	GlobalSection(SolutionProperties) = preSolution
		HideSolutionNode = FALSE
	EndGlobalSection
EndGlobal
